
Microsoft Visual Studio Solution File, Format Version 11.00
# Visual Studio 2010
Project("{FAE04EC0-301F-11D3-BF4B-00C04F79EFBC}") = "carrrr", "carrrr\carrrr\carrrr.csproj", "{B3FA346D-1BE8-44AD-BA6D-6374C2B656D9}"
EndProject
Project("{96E2B04D-8817-42C6-938A-82C39BA4D311}") = "carrrrContent", "carrrr\carrrrContent\carrrrContent.contentproj", "{5AB630EB-7DCD-4899-8C9E-7E0ACD40F2D6}"
EndProject
Global
	GlobalSection(SolutionConfigurationPlatforms) = preSolution
		Debug|x86 = Debug|x86
		Release|x86 = Release|x86
	EndGlobalSection
	GlobalSection(ProjectConfigurationPlatforms) = postSolution
		{B3FA346D-1BE8-44AD-BA6D-6374C2B656D9}.Debug|x86.ActiveCfg = Debug|x86
		{B3FA346D-1BE8-44AD-BA6D-6374C2B656D9}.Debug|x86.Build.0 = Debug|x86
		{B3FA346D-1BE8-44AD-BA6D-6374C2B656D9}.Release|x86.ActiveCfg = Release|x86
		{B3FA346D-1BE8-44AD-BA6D-6374C2B656D9}.Release|x86.Build.0 = Release|x86
		{5AB630EB-7DCD-4899-8C9E-7E0ACD40F2D6}.Debug|x86.ActiveCfg = Debug|x86
		{5AB630EB-7DCD-4899-8C9E-7E0ACD40F2D6}.Release|x86.ActiveCfg = Release|x86
	EndGlobalSection
	GlobalSection(SolutionProperties) = preSolution
		HideSolutionNode = FALSE
	EndGlobalSection
EndGlobal
